// !$*UTF8*$!
{
	archiveVersion = 1;
	classes = {
	};
	objectVersion = 46;
	objects = {

/* Begin PBXBuildFile section */
		BE05B8BE1D4D266600071A84 /* AppDelegate.swift in Sources */ = {isa = PBXBuildFile; fileRef = BE05B8BD1D4D266600071A84 /* AppDelegate.swift */; };
		BE05B8C01D4D266600071A84 /* ViewController.swift in Sources */ = {isa = PBXBuildFile; fileRef = BE05B8BF1D4D266600071A84 /* ViewController.swift */; };
		BE05B8C31D4D266600071A84 /* Main.storyboard in Resources */ = {isa = PBXBuildFile; fileRef = BE05B8C11D4D266600071A84 /* Main.storyboard */; };
		BE05B8C61D4D266600071A84 /* Calcupad.xcdatamodeld in Sources */ = {isa = PBXBuildFile; fileRef = BE05B8C41D4D266600071A84 /* Calcupad.xcdatamodeld */; };
		BE05B8C81D4D266600071A84 /* Assets.xcassets in Resources */ = {isa = PBXBuildFile; fileRef = BE05B8C71D4D266600071A84 /* Assets.xcassets */; };
		BE05B8CB1D4D266600071A84 /* LaunchScreen.storyboard in Resources */ = {isa = PBXBuildFile; fileRef = BE05B8C91D4D266600071A84 /* LaunchScreen.storyboard */; };
		BE05B8E11D4D266600071A84 /* CalcupadUITests.swift in Sources */ = {isa = PBXBuildFile; fileRef = BE05B8E01D4D266600071A84 /* CalcupadUITests.swift */; };
		BE3C70651D5C16B5003C2E41 /* CalculatorButton.swift in Sources */ = {isa = PBXBuildFile; fileRef = BE3C70641D5C16B5003C2E41 /* CalculatorButton.swift */; };
		BEA62CC71D79447C0020CCF5 /* Calculator.swift in Sources */ = {isa = PBXBuildFile; fileRef = BEA62CC61D79447C0020CCF5 /* Calculator.swift */; };
		BEA62CC91D7947B50020CCF5 /* CalculatorTests.swift in Sources */ = {isa = PBXBuildFile; fileRef = BEA62CC81D7947B50020CCF5 /* CalculatorTests.swift */; };
/* End PBXBuildFile section */

/* Begin PBXContainerItemProxy section */
		BE05B8D21D4D266600071A84 /* PBXContainerItemProxy */ = {
			isa = PBXContainerItemProxy;
			containerPortal = BE05B8B21D4D266600071A84 /* Project object */;
			proxyType = 1;
			remoteGlobalIDString = BE05B8B91D4D266600071A84;
			remoteInfo = Calcupad;
		};
		BE05B8DD1D4D266600071A84 /* PBXContainerItemProxy */ = {
			isa = PBXContainerItemProxy;
			containerPortal = BE05B8B21D4D266600071A84 /* Project object */;
			proxyType = 1;
			remoteGlobalIDString = BE05B8B91D4D266600071A84;
			remoteInfo = Calcupad;
		};
/* End PBXContainerItemProxy section */

/* Begin PBXFileReference section */
		BE05B8BA1D4D266600071A84 /* Calcupad.app */ = {isa = PBXFileReference; explicitFileType = wrapper.application; includeInIndex = 0; path = Calcupad.app; sourceTree = BUILT_PRODUCTS_DIR; };
		BE05B8BD1D4D266600071A84 /* AppDelegate.swift */ = {isa = PBXFileReference; lastKnownFileType = sourcecode.swift; path = AppDelegate.swift; sourceTree = "<group>"; };
		BE05B8BF1D4D266600071A84 /* ViewController.swift */ = {isa = PBXFileReference; lastKnownFileType = sourcecode.swift; path = ViewController.swift; sourceTree = "<group>"; };
		BE05B8C21D4D266600071A84 /* Base */ = {isa = PBXFileReference; lastKnownFileType = file.storyboard; name = Base; path = Base.lproj/Main.storyboard; sourceTree = "<group>"; };
		BE05B8C51D4D266600071A84 /* Calcupad.xcdatamodel */ = {isa = PBXFileReference; lastKnownFileType = wrapper.xcdatamodel; path = Calcupad.xcdatamodel; sourceTree = "<group>"; };
		BE05B8C71D4D266600071A84 /* Assets.xcassets */ = {isa = PBXFileReference; lastKnownFileType = folder.assetcatalog; path = Assets.xcassets; sourceTree = "<group>"; };
		BE05B8CA1D4D266600071A84 /* Base */ = {isa = PBXFileReference; lastKnownFileType = file.storyboard; name = Base; path = Base.lproj/LaunchScreen.storyboard; sourceTree = "<group>"; };
		BE05B8CC1D4D266600071A84 /* Info.plist */ = {isa = PBXFileReference; lastKnownFileType = text.plist.xml; path = Info.plist; sourceTree = "<group>"; };
		BE05B8D11D4D266600071A84 /* CalcupadTests.xctest */ = {isa = PBXFileReference; explicitFileType = wrapper.cfbundle; includeInIndex = 0; path = CalcupadTests.xctest; sourceTree = BUILT_PRODUCTS_DIR; };
		BE05B8D71D4D266600071A84 /* Info.plist */ = {isa = PBXFileReference; lastKnownFileType = text.plist.xml; path = Info.plist; sourceTree = "<group>"; };
		BE05B8DC1D4D266600071A84 /* CalcupadUITests.xctest */ = {isa = PBXFileReference; explicitFileType = wrapper.cfbundle; includeInIndex = 0; path = CalcupadUITests.xctest; sourceTree = BUILT_PRODUCTS_DIR; };
		BE05B8E01D4D266600071A84 /* CalcupadUITests.swift */ = {isa = PBXFileReference; lastKnownFileType = sourcecode.swift; path = CalcupadUITests.swift; sourceTree = "<group>"; };
		BE05B8E21D4D266600071A84 /* Info.plist */ = {isa = PBXFileReference; lastKnownFileType = text.plist.xml; path = Info.plist; sourceTree = "<group>"; };
		BE3C70641D5C16B5003C2E41 /* CalculatorButton.swift */ = {isa = PBXFileReference; fileEncoding = 4; lastKnownFileType = sourcecode.swift; path = CalculatorButton.swift; sourceTree = "<group>"; };
		BEA62CC61D79447C0020CCF5 /* Calculator.swift */ = {isa = PBXFileReference; fileEncoding = 4; lastKnownFileType = sourcecode.swift; path = Calculator.swift; sourceTree = "<group>"; };
		BEA62CC81D7947B50020CCF5 /* CalculatorTests.swift */ = {isa = PBXFileReference; fileEncoding = 4; lastKnownFileType = sourcecode.swift; path = CalculatorTests.swift; sourceTree = "<group>"; };
/* End PBXFileReference section */

/* Begin PBXFrameworksBuildPhase section */
		BE05B8B71D4D266600071A84 /* Frameworks */ = {
			isa = PBXFrameworksBuildPhase;
			buildActionMask = 2147483647;
			files = (
			);
			runOnlyForDeploymentPostprocessing = 0;
		};
		BE05B8CE1D4D266600071A84 /* Frameworks */ = {
			isa = PBXFrameworksBuildPhase;
			buildActionMask = 2147483647;
			files = (
			);
			runOnlyForDeploymentPostprocessing = 0;
		};
		BE05B8D91D4D266600071A84 /* Frameworks */ = {
			isa = PBXFrameworksBuildPhase;
			buildActionMask = 2147483647;
			files = (
			);
			runOnlyForDeploymentPostprocessing = 0;
		};
/* End PBXFrameworksBuildPhase section */

/* Begin PBXGroup section */
		BE05B8B11D4D266600071A84 = {
			isa = PBXGroup;
			children = (
				BE05B8BC1D4D266600071A84 /* Calcupad */,
				BE05B8D41D4D266600071A84 /* CalcupadTests */,
				BE05B8DF1D4D266600071A84 /* CalcupadUITests */,
				BE05B8BB1D4D266600071A84 /* Products */,
			);
			sourceTree = "<group>";
		};
		BE05B8BB1D4D266600071A84 /* Products */ = {
			isa = PBXGroup;
			children = (
				BE05B8BA1D4D266600071A84 /* Calcupad.app */,
				BE05B8D11D4D266600071A84 /* CalcupadTests.xctest */,
				BE05B8DC1D4D266600071A84 /* CalcupadUITests.xctest */,
			);
			name = Products;
			sourceTree = "<group>";
		};
		BE05B8BC1D4D266600071A84 /* Calcupad */ = {
			isa = PBXGroup;
			children = (
				BE05B8BD1D4D266600071A84 /* AppDelegate.swift */,
				BE05B8BF1D4D266600071A84 /* ViewController.swift */,
				BE05B8C11D4D266600071A84 /* Main.storyboard */,
				BE05B8C71D4D266600071A84 /* Assets.xcassets */,
				BE05B8C91D4D266600071A84 /* LaunchScreen.storyboard */,
				BE05B8CC1D4D266600071A84 /* Info.plist */,
				BE05B8C41D4D266600071A84 /* Calcupad.xcdatamodeld */,
				BE3C70641D5C16B5003C2E41 /* CalculatorButton.swift */,
				BEA62CC61D79447C0020CCF5 /* Calculator.swift */,
			);
			path = Calcupad;
			sourceTree = "<group>";
		};
		BE05B8D41D4D266600071A84 /* CalcupadTests */ = {
			isa = PBXGroup;
			children = (
				BEA62CC81D7947B50020CCF5 /* CalculatorTests.swift */,
				BE05B8D71D4D266600071A84 /* Info.plist */,
			);
			path = CalcupadTests;
			sourceTree = "<group>";
		};
		BE05B8DF1D4D266600071A84 /* CalcupadUITests */ = {
			isa = PBXGroup;
			children = (
				BE05B8E01D4D266600071A84 /* CalcupadUITests.swift */,
				BE05B8E21D4D266600071A84 /* Info.plist */,
			);
			path = CalcupadUITests;
			sourceTree = "<group>";
		};
/* End PBXGroup section */

/* Begin PBXNativeTarget section */
		BE05B8B91D4D266600071A84 /* Calcupad */ = {
			isa = PBXNativeTarget;
			buildConfigurationList = BE05B8E51D4D266600071A84 /* Build configuration list for PBXNativeTarget "Calcupad" */;
			buildPhases = (
				BE05B8B61D4D266600071A84 /* Sources */,
				BE05B8B71D4D266600071A84 /* Frameworks */,
				BE05B8B81D4D266600071A84 /* Resources */,
			);
			buildRules = (
			);
			dependencies = (
			);
			name = Calcupad;
			productName = Calcupad;
			productReference = BE05B8BA1D4D266600071A84 /* Calcupad.app */;
			productType = "com.apple.product-type.application";
		};
		BE05B8D01D4D266600071A84 /* CalcupadTests */ = {
			isa = PBXNativeTarget;
			buildConfigurationList = BE05B8E81D4D266600071A84 /* Build configuration list for PBXNativeTarget "CalcupadTests" */;
			buildPhases = (
				BE05B8CD1D4D266600071A84 /* Sources */,
				BE05B8CE1D4D266600071A84 /* Frameworks */,
				BE05B8CF1D4D266600071A84 /* Resources */,
			);
			buildRules = (
			);
			dependencies = (
				BE05B8D31D4D266600071A84 /* PBXTargetDependency */,
			);
			name = CalcupadTests;
			productName = CalcupadTests;
			productReference = BE05B8D11D4D266600071A84 /* CalcupadTests.xctest */;
			productType = "com.apple.product-type.bundle.unit-test";
		};
		BE05B8DB1D4D266600071A84 /* CalcupadUITests */ = {
			isa = PBXNativeTarget;
			buildConfigurationList = BE05B8EB1D4D266600071A84 /* Build configuration list for PBXNativeTarget "CalcupadUITests" */;
			buildPhases = (
				BE05B8D81D4D266600071A84 /* Sources */,
				BE05B8D91D4D266600071A84 /* Frameworks */,
				BE05B8DA1D4D266600071A84 /* Resources */,
			);
			buildRules = (
			);
			dependencies = (
				BE05B8DE1D4D266600071A84 /* PBXTargetDependency */,
			);
			name = CalcupadUITests;
			productName = CalcupadUITests;
			productReference = BE05B8DC1D4D266600071A84 /* CalcupadUITests.xctest */;
			productType = "com.apple.product-type.bundle.ui-testing";
		};
/* End PBXNativeTarget section */

/* Begin PBXProject section */
		BE05B8B21D4D266600071A84 /* Project object */ = {
			isa = PBXProject;
			attributes = {
				LastSwiftUpdateCheck = 0730;
				LastUpgradeCheck = 0800;
				ORGANIZATIONNAME = "Will Kwon";
				TargetAttributes = {
					BE05B8B91D4D266600071A84 = {
						CreatedOnToolsVersion = 7.3.1;
						DevelopmentTeam = SU5JDRYRBL;
						LastSwiftMigration = 0800;
						ProvisioningStyle = Automatic;
					};
					BE05B8D01D4D266600071A84 = {
						CreatedOnToolsVersion = 7.3.1;
						DevelopmentTeam = SU5JDRYRBL;
						LastSwiftMigration = 0800;
						TestTargetID = BE05B8B91D4D266600071A84;
					};
					BE05B8DB1D4D266600071A84 = {
						CreatedOnToolsVersion = 7.3.1;
						DevelopmentTeam = SU5JDRYRBL;
						LastSwiftMigration = 0800;
						TestTargetID = BE05B8B91D4D266600071A84;
					};
				};
			};
			buildConfigurationList = BE05B8B51D4D266600071A84 /* Build configuration list for PBXProject "Calcupad" */;
			compatibilityVersion = "Xcode 3.2";
			developmentRegion = English;
			hasScannedForEncodings = 0;
			knownRegions = (
				en,
				Base,
			);
			mainGroup = BE05B8B11D4D266600071A84;
			productRefGroup = BE05B8BB1D4D266600071A84 /* Products */;
			projectDirPath = "";
			projectRoot = "";
			targets = (
				BE05B8B91D4D266600071A84 /* Calcupad */,
				BE05B8D01D4D266600071A84 /* CalcupadTests */,
				BE05B8DB1D4D266600071A84 /* CalcupadUITests */,
			);
		};
/* End PBXProject section */

/* Begin PBXResourcesBuildPhase section */
		BE05B8B81D4D266600071A84 /* Resources */ = {
			isa = PBXResourcesBuildPhase;
			buildActionMask = 2147483647;
			files = (
				BE05B8CB1D4D266600071A84 /* LaunchScreen.storyboard in Resources */,
				BE05B8C81D4D266600071A84 /* Assets.xcassets in Resources */,
				BE05B8C31D4D266600071A84 /* Main.storyboard in Resources */,
			);
			runOnlyForDeploymentPostprocessing = 0;
		};
		BE05B8CF1D4D266600071A84 /* Resources */ = {
			isa = PBXResourcesBuildPhase;
			buildActionMask = 2147483647;
			files = (
			);
			runOnlyForDeploymentPostprocessing = 0;
		};
		BE05B8DA1D4D266600071A84 /* Resources */ = {
			isa = PBXResourcesBuildPhase;
			buildActionMask = 2147483647;
			files = (
			);
			runOnlyForDeploymentPostprocessing = 0;
		};
/* End PBXResourcesBuildPhase section */

/* Begin PBXSourcesBuildPhase section */
		BE05B8B61D4D266600071A84 /* Sources */ = {
			isa = PBXSourcesBuildPhase;
			buildActionMask = 2147483647;
			files = (
				BE05B8C01D4D266600071A84 /* ViewController.swift in Sources */,
				BE05B8C61D4D266600071A84 /* Calcupad.xcdatamodeld in Sources */,
				BE05B8BE1D4D266600071A84 /* AppDelegate.swift in Sources */,
				BEA62CC71D79447C0020CCF5 /* Calculator.swift in Sources */,
				BE3C70651D5C16B5003C2E41 /* CalculatorButton.swift in Sources */,
			);
			runOnlyForDeploymentPostprocessing = 0;
		};
		BE05B8CD1D4D266600071A84 /* Sources */ = {
			isa = PBXSourcesBuildPhase;
			buildActionMask = 2147483647;
			files = (
				BEA62CC91D7947B50020CCF5 /* CalculatorTests.swift in Sources */,
			);
			runOnlyForDeploymentPostprocessing = 0;
		};
		BE05B8D81D4D266600071A84 /* Sources */ = {
			isa = PBXSourcesBuildPhase;
			buildActionMask = 2147483647;
			files = (
				BE05B8E11D4D266600071A84 /* CalcupadUITests.swift in Sources */,
			);
			runOnlyForDeploymentPostprocessing = 0;
		};
/* End PBXSourcesBuildPhase section */

/* Begin PBXTargetDependency section */
		BE05B8D31D4D266600071A84 /* PBXTargetDependency */ = {
			isa = PBXTargetDependency;
			target = BE05B8B91D4D266600071A84 /* Calcupad */;
			targetProxy = BE05B8D21D4D266600071A84 /* PBXContainerItemProxy */;
		};
		BE05B8DE1D4D266600071A84 /* PBXTargetDependency */ = {
			isa = PBXTargetDependency;
			target = BE05B8B91D4D266600071A84 /* Calcupad */;
			targetProxy = BE05B8DD1D4D266600071A84 /* PBXContainerItemProxy */;
		};
/* End PBXTargetDependency section */

/* Begin PBXVariantGroup section */
		BE05B8C11D4D266600071A84 /* Main.storyboard */ = {
			isa = PBXVariantGroup;
			children = (
				BE05B8C21D4D266600071A84 /* Base */,
			);
			name = Main.storyboard;
			sourceTree = "<group>";
		};
		BE05B8C91D4D266600071A84 /* LaunchScreen.storyboard */ = {
			isa = PBXVariantGroup;
			children = (
				BE05B8CA1D4D266600071A84 /* Base */,
			);
			name = LaunchScreen.storyboard;
			sourceTree = "<group>";
		};
/* End PBXVariantGroup section */

/* Begin XCBuildConfiguration section */
		BE05B8E31D4D266600071A84 /* Debug */ = {
			isa = XCBuildConfiguration;
			buildSettings = {
				ALWAYS_SEARCH_USER_PATHS = NO;
				CLANG_ANALYZER_NONNULL = YES;
				CLANG_CXX_LANGUAGE_STANDARD = "gnu++0x";
				CLANG_CXX_LIBRARY = "libc++";
				CLANG_ENABLE_MODULES = YES;
				CLANG_ENABLE_OBJC_ARC = YES;
				CLANG_WARN_BOOL_CONVERSION = YES;
				CLANG_WARN_CONSTANT_CONVERSION = YES;
				CLANG_WARN_DIRECT_OBJC_ISA_USAGE = YES_ERROR;
				CLANG_WARN_EMPTY_BODY = YES;
				CLANG_WARN_ENUM_CONVERSION = YES;
				CLANG_WARN_INFINITE_RECURSION = YES;
				CLANG_WARN_INT_CONVERSION = YES;
				CLANG_WARN_OBJC_ROOT_CLASS = YES_ERROR;
				CLANG_WARN_SUSPICIOUS_MOVE = YES;
				CLANG_WARN_UNREACHABLE_CODE = YES;
				CLANG_WARN__DUPLICATE_METHOD_MATCH = YES;
				"CODE_SIGN_IDENTITY[sdk=iphoneos*]" = "iPhone Developer";
				COPY_PHASE_STRIP = NO;
				DEBUG_INFORMATION_FORMAT = dwarf;
				ENABLE_STRICT_OBJC_MSGSEND = YES;
				ENABLE_TESTABILITY = YES;
				GCC_C_LANGUAGE_STANDARD = gnu99;
				GCC_DYNAMIC_NO_PIC = NO;
				GCC_NO_COMMON_BLOCKS = YES;
				GCC_OPTIMIZATION_LEVEL = 0;
				GCC_PREPROCESSOR_DEFINITIONS = (
					"DEBUG=1",
					"$(inherited)",
				);
				GCC_WARN_64_TO_32_BIT_CONVERSION = YES;
				GCC_WARN_ABOUT_RETURN_TYPE = YES_ERROR;
				GCC_WARN_UNDECLARED_SELECTOR = YES;
				GCC_WARN_UNINITIALIZED_AUTOS = YES_AGGRESSIVE;
				GCC_WARN_UNUSED_FUNCTION = YES;
				GCC_WARN_UNUSED_VARIABLE = YES;
				IPHONEOS_DEPLOYMENT_TARGET = 10.0;
				MTL_ENABLE_DEBUG_INFO = YES;
				ONLY_ACTIVE_ARCH = YES;
				SDKROOT = iphoneos;
				SWIFT_OPTIMIZATION_LEVEL = "-Onone";
				TARGETED_DEVICE_FAMILY = 2;
			};
			name = Debug;
		};
		BE05B8E41D4D266600071A84 /* Release */ = {
			isa = XCBuildConfiguration;
			buildSettings = {
				ALWAYS_SEARCH_USER_PATHS = NO;
				CLANG_ANALYZER_NONNULL = YES;
				CLANG_CXX_LANGUAGE_STANDARD = "gnu++0x";
				CLANG_CXX_LIBRARY = "libc++";
				CLANG_ENABLE_MODULES = YES;
				CLANG_ENABLE_OBJC_ARC = YES;
				CLANG_WARN_BOOL_CONVERSION = YES;
				CLANG_WARN_CONSTANT_CONVERSION = YES;
				CLANG_WARN_DIRECT_OBJC_ISA_USAGE = YES_ERROR;
				CLANG_WARN_EMPTY_BODY = YES;
				CLANG_WARN_ENUM_CONVERSION = YES;
				CLANG_WARN_INFINITE_RECURSION = YES;
				CLANG_WARN_INT_CONVERSION = YES;
				CLANG_WARN_OBJC_ROOT_CLASS = YES_ERROR;
				CLANG_WARN_SUSPICIOUS_MOVE = YES;
				CLANG_WARN_UNREACHABLE_CODE = YES;
				CLANG_WARN__DUPLICATE_METHOD_MATCH = YES;
				"CODE_SIGN_IDENTITY[sdk=iphoneos*]" = "iPhone Developer";
				COPY_PHASE_STRIP = NO;
				DEBUG_INFORMATION_FORMAT = "dwarf-with-dsym";
				ENABLE_NS_ASSERTIONS = NO;
				ENABLE_STRICT_OBJC_MSGSEND = YES;
				GCC_C_LANGUAGE_STANDARD = gnu99;
				GCC_NO_COMMON_BLOCKS = YES;
				GCC_WARN_64_TO_32_BIT_CONVERSION = YES;
				GCC_WARN_ABOUT_RETURN_TYPE = YES_ERROR;
				GCC_WARN_UNDECLARED_SELECTOR = YES;
				GCC_WARN_UNINITIALIZED_AUTOS = YES_AGGRESSIVE;
				GCC_WARN_UNUSED_FUNCTION = YES;
				GCC_WARN_UNUSED_VARIABLE = YES;
				IPHONEOS_DEPLOYMENT_TARGET = 10.0;
				MTL_ENABLE_DEBUG_INFO = NO;
				SDKROOT = iphoneos;
				SWIFT_OPTIMIZATION_LEVEL = "-Owholemodule";
				TARGETED_DEVICE_FAMILY = 2;
				VALIDATE_PRODUCT = YES;
			};
			name = Release;
		};
		BE05B8E61D4D266600071A84 /* Debug */ = {
			isa = XCBuildConfiguration;
			buildSettings = {
				ASSETCATALOG_COMPILER_APPICON_NAME = AppIcon;
				ASSETCATALOG_COMPILER_LAUNCHIMAGE_NAME = "Brand Assets";
				"CODE_SIGN_IDENTITY[sdk=iphoneos*]" = "iPhone Developer";
				CURRENT_PROJECT_VERSION = 5;
				DEVELOPMENT_TEAM = SU5JDRYRBL;
				INFOPLIST_FILE = Calcupad/Info.plist;
				LD_RUNPATH_SEARCH_PATHS = "$(inherited) @executable_path/Frameworks";
				PRODUCT_BUNDLE_IDENTIFIER = com.willkwon.calcupad;
				PRODUCT_NAME = "$(TARGET_NAME)";
				PROVISIONING_PROFILE_SPECIFIER = "";
				SWIFT_VERSION = 3.0;
			};
			name = Debug;
		};
		BE05B8E71D4D266600071A84 /* Release */ = {
			isa = XCBuildConfiguration;
			buildSettings = {
				ASSETCATALOG_COMPILER_APPICON_NAME = AppIcon;
				ASSETCATALOG_COMPILER_LAUNCHIMAGE_NAME = "Brand Assets";
				"CODE_SIGN_IDENTITY[sdk=iphoneos*]" = "iPhone Developer";
				CURRENT_PROJECT_VERSION = 5;
				DEVELOPMENT_TEAM = SU5JDRYRBL;
				INFOPLIST_FILE = Calcupad/Info.plist;
				LD_RUNPATH_SEARCH_PATHS = "$(inherited) @executable_path/Frameworks";
				PRODUCT_BUNDLE_IDENTIFIER = com.willkwon.calcupad;
				PRODUCT_NAME = "$(TARGET_NAME)";
				PROVISIONING_PROFILE_SPECIFIER = "";
				SWIFT_VERSION = 3.0;
			};
			name = Release;
		};
		BE05B8E91D4D266600071A84 /* Debug */ = {
			isa = XCBuildConfiguration;
			buildSettings = {
				BUNDLE_LOADER = "$(TEST_HOST)";
				DEVELOPMENT_TEAM = SU5JDRYRBL;
				INFOPLIST_FILE = CalcupadTests/Info.plist;
				LD_RUNPATH_SEARCH_PATHS = "$(inherited) @executable_path/Frameworks @loader_path/Frameworks";
				PRODUCT_BUNDLE_IDENTIFIER = com.willkwon.CalcupadTests;
				PRODUCT_NAME = "$(TARGET_NAME)";
				SWIFT_VERSION = 3.0;
				TEST_HOST = "$(BUILT_PRODUCTS_DIR)/Calcupad.app/Calcupad";
			};
			name = Debug;
		};
		BE05B8EA1D4D266600071A84 /* Release */ = {
			isa = XCBuildConfiguration;
			buildSettings = {
				BUNDLE_LOADER = "$(TEST_HOST)";
				DEVELOPMENT_TEAM = SU5JDRYRBL;
				INFOPLIST_FILE = CalcupadTests/Info.plist;
				LD_RUNPATH_SEARCH_PATHS = "$(inherited) @executable_path/Frameworks @loader_path/Frameworks";
				PRODUCT_BUNDLE_IDENTIFIER = com.willkwon.CalcupadTests;
				PRODUCT_NAME = "$(TARGET_NAME)";
				SWIFT_VERSION = 3.0;
				TEST_HOST = "$(BUILT_PRODUCTS_DIR)/Calcupad.app/Calcupad";
			};
			name = Release;
		};
		BE05B8EC1D4D266600071A84 /* Debug */ = {
			isa = XCBuildConfiguration;
			buildSettings = {
				DEVELOPMENT_TEAM = SU5JDRYRBL;
				INFOPLIST_FILE = CalcupadUITests/Info.plist;
				LD_RUNPATH_SEARCH_PATHS = "$(inherited) @executable_path/Frameworks @loader_path/Frameworks";
				PRODUCT_BUNDLE_IDENTIFIER = com.willkwon.CalcupadUITests;
				PRODUCT_NAME = "$(TARGET_NAME)";
				PROVISIONING_PROFILE = "";
				SWIFT_VERSION = 3.0;
				TEST_TARGET_NAME = Calcupad;
			};
			name = Debug;
		};
		BE05B8ED1D4D266600071A84 /* Release */ = {
			isa = XCBuildConfiguration;
			buildSettings = {
				DEVELOPMENT_TEAM = SU5JDRYRBL;
				INFOPLIST_FILE = CalcupadUITests/Info.plist;
				LD_RUNPATH_SEARCH_PATHS = "$(inherited) @executable_path/Frameworks @loader_path/Frameworks";
				PRODUCT_BUNDLE_IDENTIFIER = com.willkwon.CalcupadUITests;
				PRODUCT_NAME = "$(TARGET_NAME)";
				PROVISIONING_PROFILE = "";
				SWIFT_VERSION = 3.0;
				TEST_TARGET_NAME = Calcupad;
			};
			name = Release;
		};
/* End XCBuildConfiguration section */

/* Begin XCConfigurationList section */
		BE05B8B51D4D266600071A84 /* Build configuration list for PBXProject "Calcupad" */ = {
			isa = XCConfigurationList;
			buildConfigurations = (
				BE05B8E31D4D266600071A84 /* Debug */,
				BE05B8E41D4D266600071A84 /* Release */,
			);
			defaultConfigurationIsVisible = 0;
			defaultConfigurationName = Release;
		};
		BE05B8E51D4D266600071A84 /* Build configuration list for PBXNativeTarget "Calcupad" */ = {
			isa = XCConfigurationList;
			buildConfigurations = (
				BE05B8E61D4D266600071A84 /* Debug */,
				BE05B8E71D4D266600071A84 /* Release */,
			);
			defaultConfigurationIsVisible = 0;
			defaultConfigurationName = Release;
		};
		BE05B8E81D4D266600071A84 /* Build configuration list for PBXNativeTarget "CalcupadTests" */ = {
			isa = XCConfigurationList;
			buildConfigurations = (
				BE05B8E91D4D266600071A84 /* Debug */,
				BE05B8EA1D4D266600071A84 /* Release */,
			);
			defaultConfigurationIsVisible = 0;
			defaultConfigurationName = Release;
		};
		BE05B8EB1D4D266600071A84 /* Build configuration list for PBXNativeTarget "CalcupadUITests" */ = {
			isa = XCConfigurationList;
			buildConfigurations = (
				BE05B8EC1D4D266600071A84 /* Debug */,
				BE05B8ED1D4D266600071A84 /* Release */,
			);
			defaultConfigurationIsVisible = 0;
			defaultConfigurationName = Release;
		};
/* End XCConfigurationList section */

/* Begin XCVersionGroup section */
		BE05B8C41D4D266600071A84 /* Calcupad.xcdatamodeld */ = {
			isa = XCVersionGroup;
			children = (
				BE05B8C51D4D266600071A84 /* Calcupad.xcdatamodel */,
			);
			currentVersion = BE05B8C51D4D266600071A84 /* Calcupad.xcdatamodel */;
			path = Calcupad.xcdatamodeld;
			sourceTree = "<group>";
			versionGroupType = wrapper.xcdatamodel;
		};
/* End XCVersionGroup section */
	};
	rootObject = BE05B8B21D4D266600071A84 /* Project object */;
}
